Microsoft Visual Studio Solution File, Format Version 11.00
# Visual Studio 2008

Project("{431CF06E-358E-5737-F955-8EEEB607D47A}") = "ComaLoadSave", "Assembly-CSharp.csproj", "{0812F0E8-568B-76F2-F2B1-98A14731CD11}"
EndProject
Project("{431CF06E-358E-5737-F955-8EEEB607D47A}") = "ComaLoadSave", "Assembly-CSharp-Editor.csproj", "{80C39B91-31A7-2282-F2EA-4DBB6A251AB3}"
EndProject
Global
	GlobalSection(SolutionConfigurationPlatforms) = preSolution
		Debug|Any CPU = Debug|Any CPU
		Release|Any CPU = Release|Any CPU
	EndGlobalSection
	GlobalSection(ProjectConfigurationPlatforms) = postSolution
		{0812F0E8-568B-76F2-F2B1-98A14731CD11}.Debug|Any CPU.ActiveCfg = Debug|Any CPU
		{0812F0E8-568B-76F2-F2B1-98A14731CD11}.Debug|Any CPU.Build.0 = Debug|Any CPU
		{0812F0E8-568B-76F2-F2B1-98A14731CD11}.Release|Any CPU.ActiveCfg = Release|Any CPU
		{0812F0E8-568B-76F2-F2B1-98A14731CD11}.Release|Any CPU.Build.0 = Release|Any CPU
		{80C39B91-31A7-2282-F2EA-4DBB6A251AB3}.Debug|Any CPU.ActiveCfg = Debug|Any CPU
		{80C39B91-31A7-2282-F2EA-4DBB6A251AB3}.Debug|Any CPU.Build.0 = Debug|Any CPU
		{80C39B91-31A7-2282-F2EA-4DBB6A251AB3}.Release|Any CPU.ActiveCfg = Release|Any CPU
		{80C39B91-31A7-2282-F2EA-4DBB6A251AB3}.Release|Any CPU.Build.0 = Release|Any CPU
	EndGlobalSection
	GlobalSection(SolutionProperties) = preSolution
		HideSolutionNode = FALSE
	EndGlobalSection
			GlobalSection(MonoDevelopProperties) = preSolution
		StartupItem = Assembly-CSharp.csproj
	EndGlobalSection

EndGlobal
